
Microsoft Visual Studio Solution File, Format Version 12.00
# Visual Studio Version 17
VisualStudioVersion = 17.0.31903.59
MinimumVisualStudioVersion = 10.0.40219.1
Project("{FAE04EC0-301F-11D3-BF4B-00C04F79EFBC}") = "Lab2.Core", "Lab2.Core\Lab2.Core.csproj", "{C40B9488-A253-4424-A01D-D27E76963B81}"
EndProject
Project("{FAE04EC0-301F-11D3-BF4B-00C04F79EFBC}") = "Lab2.Tests", "Lab2.Tests\Lab2.Tests.csproj", "{14ECE77C-F4CD-47DC-9A50-3585449915F7}"
EndProject
Global
	GlobalSection(SolutionConfigurationPlatforms) = preSolution
		Debug|Any CPU = Debug|Any CPU
		Release|Any CPU = Release|Any CPU
	EndGlobalSection
	GlobalSection(SolutionProperties) = preSolution
		HideSolutionNode = FALSE
	EndGlobalSection
	GlobalSection(ProjectConfigurationPlatforms) = postSolution
		{C40B9488-A253-4424-A01D-D27E76963B81}.Debug|Any CPU.ActiveCfg = Debug|Any CPU
		{C40B9488-A253-4424-A01D-D27E76963B81}.Debug|Any CPU.Build.0 = Debug|Any CPU
		{C40B9488-A253-4424-A01D-D27E76963B81}.Release|Any CPU.ActiveCfg = Release|Any CPU
		{C40B9488-A253-4424-A01D-D27E76963B81}.Release|Any CPU.Build.0 = Release|Any CPU
		{14ECE77C-F4CD-47DC-9A50-3585449915F7}.Debug|Any CPU.ActiveCfg = Debug|Any CPU
		{14ECE77C-F4CD-47DC-9A50-3585449915F7}.Debug|Any CPU.Build.0 = Debug|Any CPU
		{14ECE77C-F4CD-47DC-9A50-3585449915F7}.Release|Any CPU.ActiveCfg = Release|Any CPU
		{14ECE77C-F4CD-47DC-9A50-3585449915F7}.Release|Any CPU.Build.0 = Release|Any CPU
	EndGlobalSection
EndGlobal
